
Microsoft Visual Studio Solution File, Format Version 10.00
# Visual Studio 2008
Project("{2150E333-8FDC-42A3-9474-1A3956D46DE8}") = "modules", "modules", "{748E13A9-CB00-4155-BF1F-577157A8645F}"
EndProject
Project("{2150E333-8FDC-42A3-9474-1A3956D46DE8}") = "libraries", "libraries", "{FFA1FCE5-6E7F-4147-A9F7-FCE221877A6D}"
EndProject
Project("{2150E333-8FDC-42A3-9474-1A3956D46DE8}") = "services", "services", "{BE878F38-A049-4E47-979E-2AB6003DB0D7}"
EndProject
Project("{2150E333-8FDC-42A3-9474-1A3956D46DE8}") = "mod", "mod", "{2962D7DD-D503-43EF-AA84-7CC9975B9B2D}"
EndProject
Project("{2150E333-8FDC-42A3-9474-1A3956D46DE8}") = "authreg", "authreg", "{3DB4EFDA-D609-4EB0-A848-CF18B2F1EDC4}"
EndProject
Project("{2150E333-8FDC-42A3-9474-1A3956D46DE8}") = "storage", "storage", "{5206401A-8DFD-44E2-B956-B12559C314F7}"
EndProject
Project("{2150E333-8FDC-42A3-9474-1A3956D46DE8}") = "setup", "setup", "{19C6C799-93B4-4E76-82E8-138843083850}"
EndProject
Project("{8BC9CEB8-8B4A-11D0-8D11-00A0C91BC942}") = "jabberd2", "jabberd2\jabberd2.vcproj", "{98466767-1F2C-4134-A331-A05502191A29}"
EndProject
Project("{8BC9CEB8-8B4A-11D0-8D11-00A0C91BC942}") = "c2s", "c2s\c2s.vcproj", "{07A3A407-B1FC-4E63-8F14-9EEAF205610B}"
	ProjectSection(ProjectDependencies) = postProject
		{98466767-1F2C-4134-A331-A05502191A29} = {98466767-1F2C-4134-A331-A05502191A29}
	EndProjectSection
EndProject
Project("{8BC9CEB8-8B4A-11D0-8D11-00A0C91BC942}") = "s2s", "s2s\s2s.vcproj", "{457A89D2-B3D8-4FD6-A2AA-E111B1956E90}"
	ProjectSection(ProjectDependencies) = postProject
		{98466767-1F2C-4134-A331-A05502191A29} = {98466767-1F2C-4134-A331-A05502191A29}
	EndProjectSection
EndProject
Project("{8BC9CEB8-8B4A-11D0-8D11-00A0C91BC942}") = "sm", "sm\sm.vcproj", "{FD37421A-5883-48EE-8AF7-342839ED5564}"
	ProjectSection(ProjectDependencies) = postProject
		{98466767-1F2C-4134-A331-A05502191A29} = {98466767-1F2C-4134-A331-A05502191A29}
	EndProjectSection
EndProject
Project("{8BC9CEB8-8B4A-11D0-8D11-00A0C91BC942}") = "router", "router\router.vcproj", "{03878EE6-16D4-49D1-BDCB-B367FF14B876}"
	ProjectSection(ProjectDependencies) = postProject
		{98466767-1F2C-4134-A331-A05502191A29} = {98466767-1F2C-4134-A331-A05502191A29}
	EndProjectSection
EndProject
Project("{8BC9CEB8-8B4A-11D0-8D11-00A0C91BC942}") = "mod_active", "modules\mod_active\mod_active.vcproj", "{F2D80B75-C182-4649-A5E7-93F32A1BDC4A}"
	ProjectSection(ProjectDependencies) = postProject
		{FD37421A-5883-48EE-8AF7-342839ED5564} = {FD37421A-5883-48EE-8AF7-342839ED5564}
		{98466767-1F2C-4134-A331-A05502191A29} = {98466767-1F2C-4134-A331-A05502191A29}
	EndProjectSection
EndProject
Project("{8BC9CEB8-8B4A-11D0-8D11-00A0C91BC942}") = "mod_amp", "modules\mod_amp\mod_amp.vcproj", "{EB55996A-AF6E-4299-97F8-6B964E97972E}"
	ProjectSection(ProjectDependencies) = postProject
		{FD37421A-5883-48EE-8AF7-342839ED5564} = {FD37421A-5883-48EE-8AF7-342839ED5564}
		{98466767-1F2C-4134-A331-A05502191A29} = {98466767-1F2C-4134-A331-A05502191A29}
	EndProjectSection
EndProject
Project("{8BC9CEB8-8B4A-11D0-8D11-00A0C91BC942}") = "mod_announce", "modules\mod_announce\mod_announce.vcproj", "{51BCD5BD-558B-43F3-979F-3FB0A7ECD8A2}"
	ProjectSection(ProjectDependencies) = postProject
		{FD37421A-5883-48EE-8AF7-342839ED5564} = {FD37421A-5883-48EE-8AF7-342839ED5564}
		{98466767-1F2C-4134-A331-A05502191A29} = {98466767-1F2C-4134-A331-A05502191A29}
	EndProjectSection
EndProject
Project("{8BC9CEB8-8B4A-11D0-8D11-00A0C91BC942}") = "mod_deliver", "modules\mod_deliver\mod_deliver.vcproj", "{D15B8250-8C12-4366-AF6B-D2469E5A97FE}"
	ProjectSection(ProjectDependencies) = postProject
		{FD37421A-5883-48EE-8AF7-342839ED5564} = {FD37421A-5883-48EE-8AF7-342839ED5564}
		{98466767-1F2C-4134-A331-A05502191A29} = {98466767-1F2C-4134-A331-A05502191A29}
	EndProjectSection
EndProject
Project("{8BC9CEB8-8B4A-11D0-8D11-00A0C91BC942}") = "mod_disco", "modules\mod_disco\mod_disco.vcproj", "{5BD89D57-0339-4A43-AB3D-1F42A13DFBB0}"
	ProjectSection(ProjectDependencies) = postProject
		{FD37421A-5883-48EE-8AF7-342839ED5564} = {FD37421A-5883-48EE-8AF7-342839ED5564}
		{98466767-1F2C-4134-A331-A05502191A29} = {98466767-1F2C-4134-A331-A05502191A29}
	EndProjectSection
EndProject
Project("{8BC9CEB8-8B4A-11D0-8D11-00A0C91BC942}") = "mod_disco-publish", "modules\mod_disco-publish\mod_disco-publish.vcproj", "{5322CD01-ABB4-4A83-8F78-63693DF2B636}"
	ProjectSection(ProjectDependencies) = postProject
		{FD37421A-5883-48EE-8AF7-342839ED5564} = {FD37421A-5883-48EE-8AF7-342839ED5564}
		{98466767-1F2C-4134-A331-A05502191A29} = {98466767-1F2C-4134-A331-A05502191A29}
	EndProjectSection
EndProject
Project("{8BC9CEB8-8B4A-11D0-8D11-00A0C91BC942}") = "mod_echo", "modules\mod_echo\mod_echo.vcproj", "{CFB7876F-7309-488D-8083-193F0FCC8DAE}"
	ProjectSection(ProjectDependencies) = postProject
		{FD37421A-5883-48EE-8AF7-342839ED5564} = {FD37421A-5883-48EE-8AF7-342839ED5564}
		{98466767-1F2C-4134-A331-A05502191A29} = {98466767-1F2C-4134-A331-A05502191A29}
	EndProjectSection
EndProject
Project("{8BC9CEB8-8B4A-11D0-8D11-00A0C91BC942}") = "mod_help", "modules\mod_help\mod_help.vcproj", "{9407EA4B-2DAC-4953-9AFD-42991B6E1C37}"
	ProjectSection(ProjectDependencies) = postProject
		{FD37421A-5883-48EE-8AF7-342839ED5564} = {FD37421A-5883-48EE-8AF7-342839ED5564}
		{98466767-1F2C-4134-A331-A05502191A29} = {98466767-1F2C-4134-A331-A05502191A29}
	EndProjectSection
EndProject
Project("{8BC9CEB8-8B4A-11D0-8D11-00A0C91BC942}") = "mod_iq-last", "modules\mod_iq-last\mod_iq-last.vcproj", "{C19413CB-69C8-4AC4-83EA-8500C8E3CEC4}"
	ProjectSection(ProjectDependencies) = postProject
		{FD37421A-5883-48EE-8AF7-342839ED5564} = {FD37421A-5883-48EE-8AF7-342839ED5564}
		{98466767-1F2C-4134-A331-A05502191A29} = {98466767-1F2C-4134-A331-A05502191A29}
	EndProjectSection
EndProject
Project("{8BC9CEB8-8B4A-11D0-8D11-00A0C91BC942}") = "mod_iq-ping", "modules\mod_iq-ping\mod_iq-ping.vcproj", "{4CD8DE9E-DF42-41A6-8640-59677900803F}"
	ProjectSection(ProjectDependencies) = postProject
		{FD37421A-5883-48EE-8AF7-342839ED5564} = {FD37421A-5883-48EE-8AF7-342839ED5564}
		{98466767-1F2C-4134-A331-A05502191A29} = {98466767-1F2C-4134-A331-A05502191A29}
	EndProjectSection
EndProject
Project("{8BC9CEB8-8B4A-11D0-8D11-00A0C91BC942}") = "mod_iq-private", "modules\mod_iq-private\mod_iq-private.vcproj", "{9B15291E-6B91-4D95-AF66-AF2A1CF64E84}"
	ProjectSection(ProjectDependencies) = postProject
		{FD37421A-5883-48EE-8AF7-342839ED5564} = {FD37421A-5883-48EE-8AF7-342839ED5564}
		{98466767-1F2C-4134-A331-A05502191A29} = {98466767-1F2C-4134-A331-A05502191A29}
	EndProjectSection
EndProject
Project("{8BC9CEB8-8B4A-11D0-8D11-00A0C91BC942}") = "mod_iq-time", "modules\mod_iq-time\mod_iq-time.vcproj", "{EC544DAB-5FDF-422F-81D2-75C5BB6B3CA2}"
	ProjectSection(ProjectDependencies) = postProject
		{FD37421A-5883-48EE-8AF7-342839ED5564} = {FD37421A-5883-48EE-8AF7-342839ED5564}
		{98466767-1F2C-4134-A331-A05502191A29} = {98466767-1F2C-4134-A331-A05502191A29}
	EndProjectSection
EndProject
Project("{8BC9CEB8-8B4A-11D0-8D11-00A0C91BC942}") = "mod_iq-vcard", "modules\mod_iq-vcard\mod_iq-vcard.vcproj", "{99FBBE98-FCD6-437E-9216-4491FD5BFD9F}"
	ProjectSection(ProjectDependencies) = postProject
		{FD37421A-5883-48EE-8AF7-342839ED5564} = {FD37421A-5883-48EE-8AF7-342839ED5564}
		{98466767-1F2C-4134-A331-A05502191A29} = {98466767-1F2C-4134-A331-A05502191A29}
	EndProjectSection
EndProject
Project("{8BC9CEB8-8B4A-11D0-8D11-00A0C91BC942}") = "mod_iq-version", "modules\mod_iq-version\mod_iq-version.vcproj", "{58FA2672-021D-487D-A7B0-0974782B35AE}"
	ProjectSection(ProjectDependencies) = postProject
		{FD37421A-5883-48EE-8AF7-342839ED5564} = {FD37421A-5883-48EE-8AF7-342839ED5564}
		{98466767-1F2C-4134-A331-A05502191A29} = {98466767-1F2C-4134-A331-A05502191A29}
	EndProjectSection
EndProject
Project("{8BC9CEB8-8B4A-11D0-8D11-00A0C91BC942}") = "mod_offline", "modules\mod_offline\mod_offline.vcproj", "{7D2EC117-BFC4-4AA5-8F17-01E67A3A9214}"
	ProjectSection(ProjectDependencies) = postProject
		{FD37421A-5883-48EE-8AF7-342839ED5564} = {FD37421A-5883-48EE-8AF7-342839ED5564}
		{98466767-1F2C-4134-A331-A05502191A29} = {98466767-1F2C-4134-A331-A05502191A29}
	EndProjectSection
EndProject
Project("{8BC9CEB8-8B4A-11D0-8D11-00A0C91BC942}") = "mod_presence", "modules\mod_presence\mod_presence.vcproj", "{6DC9D2B4-A0A5-4EC3-B17A-3D2D91BBE9EA}"
	ProjectSection(ProjectDependencies) = postProject
		{FD37421A-5883-48EE-8AF7-342839ED5564} = {FD37421A-5883-48EE-8AF7-342839ED5564}
		{98466767-1F2C-4134-A331-A05502191A29} = {98466767-1F2C-4134-A331-A05502191A29}
	EndProjectSection
EndProject
Project("{8BC9CEB8-8B4A-11D0-8D11-00A0C91BC942}") = "mod_privacy", "modules\mod_privacy\mod_privacy.vcproj", "{2F564FB2-1A89-4FD8-A94B-77DBE5B9E0C8}"
	ProjectSection(ProjectDependencies) = postProject
		{FD37421A-5883-48EE-8AF7-342839ED5564} = {FD37421A-5883-48EE-8AF7-342839ED5564}
		{98466767-1F2C-4134-A331-A05502191A29} = {98466767-1F2C-4134-A331-A05502191A29}
	EndProjectSection
EndProject
Project("{8BC9CEB8-8B4A-11D0-8D11-00A0C91BC942}") = "mod_roster", "modules\mod_roster\mod_roster.vcproj", "{E65054BF-F8B4-47CE-AE8B-CF304FF06EAC}"
	ProjectSection(ProjectDependencies) = postProject
		{FD37421A-5883-48EE-8AF7-342839ED5564} = {FD37421A-5883-48EE-8AF7-342839ED5564}
		{98466767-1F2C-4134-A331-A05502191A29} = {98466767-1F2C-4134-A331-A05502191A29}
	EndProjectSection
EndProject
Project("{8BC9CEB8-8B4A-11D0-8D11-00A0C91BC942}") = "mod_session", "modules\mod_session\mod_session.vcproj", "{A83C3AB7-87E7-4758-AAD4-AEA5CE34D467}"
	ProjectSection(ProjectDependencies) = postProject
		{FD37421A-5883-48EE-8AF7-342839ED5564} = {FD37421A-5883-48EE-8AF7-342839ED5564}
		{98466767-1F2C-4134-A331-A05502191A29} = {98466767-1F2C-4134-A331-A05502191A29}
	EndProjectSection
EndProject
Project("{8BC9CEB8-8B4A-11D0-8D11-00A0C91BC942}") = "mod_status", "modules\mod_status\mod_status.vcproj", "{064ADF1D-E6C7-4FAF-AF06-3FFF180B4BB3}"
	ProjectSection(ProjectDependencies) = postProject
		{FD37421A-5883-48EE-8AF7-342839ED5564} = {FD37421A-5883-48EE-8AF7-342839ED5564}
		{98466767-1F2C-4134-A331-A05502191A29} = {98466767-1F2C-4134-A331-A05502191A29}
	EndProjectSection
EndProject
Project("{8BC9CEB8-8B4A-11D0-8D11-00A0C91BC942}") = "mod_template-roster", "modules\mod_template-roster\mod_template-roster.vcproj", "{A3AC8D01-CD56-4B1E-9906-41A8BCC29114}"
	ProjectSection(ProjectDependencies) = postProject
		{FD37421A-5883-48EE-8AF7-342839ED5564} = {FD37421A-5883-48EE-8AF7-342839ED5564}
		{98466767-1F2C-4134-A331-A05502191A29} = {98466767-1F2C-4134-A331-A05502191A29}
	EndProjectSection
EndProject
Project("{8BC9CEB8-8B4A-11D0-8D11-00A0C91BC942}") = "mod_vacation", "modules\mod_vacation\mod_vacation.vcproj", "{052E3EA4-6BFD-41FA-9C68-C48CB0CDEC17}"
	ProjectSection(ProjectDependencies) = postProject
		{FD37421A-5883-48EE-8AF7-342839ED5564} = {FD37421A-5883-48EE-8AF7-342839ED5564}
		{98466767-1F2C-4134-A331-A05502191A29} = {98466767-1F2C-4134-A331-A05502191A29}
	EndProjectSection
EndProject
Project("{8BC9CEB8-8B4A-11D0-8D11-00A0C91BC942}") = "mod_validate", "modules\mod_validate\mod_validate.vcproj", "{C1D1D430-C051-4CC3-A5F1-E62788FFCBFE}"
	ProjectSection(ProjectDependencies) = postProject
		{FD37421A-5883-48EE-8AF7-342839ED5564} = {FD37421A-5883-48EE-8AF7-342839ED5564}
		{98466767-1F2C-4134-A331-A05502191A29} = {98466767-1F2C-4134-A331-A05502191A29}
	EndProjectSection
EndProject
Project("{8BC9CEB8-8B4A-11D0-8D11-00A0C91BC942}") = "authreg_anon", "modules\authreg_anon\authreg_anon.vcproj", "{ED3C330D-5C59-4C10-AA0B-7EF5FB575A47}"
	ProjectSection(ProjectDependencies) = postProject
		{07A3A407-B1FC-4E63-8F14-9EEAF205610B} = {07A3A407-B1FC-4E63-8F14-9EEAF205610B}
		{98466767-1F2C-4134-A331-A05502191A29} = {98466767-1F2C-4134-A331-A05502191A29}
	EndProjectSection
EndProject
Project("{8BC9CEB8-8B4A-11D0-8D11-00A0C91BC942}") = "authreg_mysql", "modules\authreg_mysql\authreg_mysql.vcproj", "{502EF023-5147-4F18-B75A-35F8A1D94014}"
	ProjectSection(ProjectDependencies) = postProject
		{98466767-1F2C-4134-A331-A05502191A29} = {98466767-1F2C-4134-A331-A05502191A29}
		{07A3A407-B1FC-4E63-8F14-9EEAF205610B} = {07A3A407-B1FC-4E63-8F14-9EEAF205610B}
	EndProjectSection
EndProject
Project("{8BC9CEB8-8B4A-11D0-8D11-00A0C91BC942}") = "authreg_ntlogon", "modules\authreg_ntlogon\authreg_ntlogon.vcproj", "{624AA7FC-2797-477A-B8EE-83560151AF12}"
	ProjectSection(ProjectDependencies) = postProject
		{98466767-1F2C-4134-A331-A05502191A29} = {98466767-1F2C-4134-A331-A05502191A29}
		{07A3A407-B1FC-4E63-8F14-9EEAF205610B} = {07A3A407-B1FC-4E63-8F14-9EEAF205610B}
	EndProjectSection
EndProject
Project("{8BC9CEB8-8B4A-11D0-8D11-00A0C91BC942}") = "authreg_sspi", "modules\authreg_sspi\authreg_sspi.vcproj", "{DBA74B58-93C6-4BE5-A6E0-2A91F176BE46}"
	ProjectSection(ProjectDependencies) = postProject
		{98466767-1F2C-4134-A331-A05502191A29} = {98466767-1F2C-4134-A331-A05502191A29}
		{07A3A407-B1FC-4E63-8F14-9EEAF205610B} = {07A3A407-B1FC-4E63-8F14-9EEAF205610B}
	EndProjectSection
EndProject
Project("{8BC9CEB8-8B4A-11D0-8D11-00A0C91BC942}") = "authreg_sqlite", "modules\authreg_sqlite\authreg_sqlite.vcproj", "{71BD9348-8C42-4BE2-AAC7-41D2AF498553}"
	ProjectSection(ProjectDependencies) = postProject
		{98466767-1F2C-4134-A331-A05502191A29} = {98466767-1F2C-4134-A331-A05502191A29}
		{07A3A407-B1FC-4E63-8F14-9EEAF205610B} = {07A3A407-B1FC-4E63-8F14-9EEAF205610B}
	EndProjectSection
EndProject
Project("{8BC9CEB8-8B4A-11D0-8D11-00A0C91BC942}") = "storage_mysql", "modules\storage_mysql\storage_mysql.vcproj", "{DE396A11-85A7-4BD7-95AB-7325955F350C}"
	ProjectSection(ProjectDependencies) = postProject
		{98466767-1F2C-4134-A331-A05502191A29} = {98466767-1F2C-4134-A331-A05502191A29}
		{FD37421A-5883-48EE-8AF7-342839ED5564} = {FD37421A-5883-48EE-8AF7-342839ED5564}
	EndProjectSection
EndProject
Project("{8BC9CEB8-8B4A-11D0-8D11-00A0C91BC942}") = "storage_sqlite", "modules\storage_sqlite\storage_sqlite.vcproj", "{929E41F9-EB67-4F61-8B85-15CFBB11349B}"
	ProjectSection(ProjectDependencies) = postProject
		{98466767-1F2C-4134-A331-A05502191A29} = {98466767-1F2C-4134-A331-A05502191A29}
		{FD37421A-5883-48EE-8AF7-342839ED5564} = {FD37421A-5883-48EE-8AF7-342839ED5564}
	EndProjectSection
EndProject
Project("{930C7802-8A8C-48F9-8165-68863BCCD9DD}") = "setup", "setup\setup.wixproj", "{8504D60E-B1C4-4FE8-A5C2-3F36B1A5E2BD}"
	ProjectSection(ProjectDependencies) = postProject
		{5322CD01-ABB4-4A83-8F78-63693DF2B636} = {5322CD01-ABB4-4A83-8F78-63693DF2B636}
		{5A4E0332-82FA-42BA-BB3A-109FFD09E637} = {5A4E0332-82FA-42BA-BB3A-109FFD09E637}
		{A3AC8D01-CD56-4B1E-9906-41A8BCC29114} = {A3AC8D01-CD56-4B1E-9906-41A8BCC29114}
		{4AC65E06-5A7F-4E52-9623-CE18666AFF52} = {4AC65E06-5A7F-4E52-9623-CE18666AFF52}
		{624AA7FC-2797-477A-B8EE-83560151AF12} = {624AA7FC-2797-477A-B8EE-83560151AF12}
		{929E41F9-EB67-4F61-8B85-15CFBB11349B} = {929E41F9-EB67-4F61-8B85-15CFBB11349B}
		{03878EE6-16D4-49D1-BDCB-B367FF14B876} = {03878EE6-16D4-49D1-BDCB-B367FF14B876}
		{457A89D2-B3D8-4FD6-A2AA-E111B1956E90} = {457A89D2-B3D8-4FD6-A2AA-E111B1956E90}
		{C19413CB-69C8-4AC4-83EA-8500C8E3CEC4} = {C19413CB-69C8-4AC4-83EA-8500C8E3CEC4}
		{E65054BF-F8B4-47CE-AE8B-CF304FF06EAC} = {E65054BF-F8B4-47CE-AE8B-CF304FF06EAC}
		{51BCD5BD-558B-43F3-979F-3FB0A7ECD8A2} = {51BCD5BD-558B-43F3-979F-3FB0A7ECD8A2}
		{A83C3AB7-87E7-4758-AAD4-AEA5CE34D467} = {A83C3AB7-87E7-4758-AAD4-AEA5CE34D467}
		{6DC9D2B4-A0A5-4EC3-B17A-3D2D91BBE9EA} = {6DC9D2B4-A0A5-4EC3-B17A-3D2D91BBE9EA}
		{2F564FB2-1A89-4FD8-A94B-77DBE5B9E0C8} = {2F564FB2-1A89-4FD8-A94B-77DBE5B9E0C8}
		{EC544DAB-5FDF-422F-81D2-75C5BB6B3CA2} = {EC544DAB-5FDF-422F-81D2-75C5BB6B3CA2}
		{052E3EA4-6BFD-41FA-9C68-C48CB0CDEC17} = {052E3EA4-6BFD-41FA-9C68-C48CB0CDEC17}
		{4CD8DE9E-DF42-41A6-8640-59677900803F} = {4CD8DE9E-DF42-41A6-8640-59677900803F}
		{99FBBE98-FCD6-437E-9216-4491FD5BFD9F} = {99FBBE98-FCD6-437E-9216-4491FD5BFD9F}
		{F2D80B75-C182-4649-A5E7-93F32A1BDC4A} = {F2D80B75-C182-4649-A5E7-93F32A1BDC4A}
		{58FA2672-021D-487D-A7B0-0974782B35AE} = {58FA2672-021D-487D-A7B0-0974782B35AE}
		{CFB7876F-7309-488D-8083-193F0FCC8DAE} = {CFB7876F-7309-488D-8083-193F0FCC8DAE}
		{EB55996A-AF6E-4299-97F8-6B964E97972E} = {EB55996A-AF6E-4299-97F8-6B964E97972E}
		{98466767-1F2C-4134-A331-A05502191A29} = {98466767-1F2C-4134-A331-A05502191A29}
		{DBA74B58-93C6-4BE5-A6E0-2A91F176BE46} = {DBA74B58-93C6-4BE5-A6E0-2A91F176BE46}
		{5BD89D57-0339-4A43-AB3D-1F42A13DFBB0} = {5BD89D57-0339-4A43-AB3D-1F42A13DFBB0}
		{D15B8250-8C12-4366-AF6B-D2469E5A97FE} = {D15B8250-8C12-4366-AF6B-D2469E5A97FE}
		{9407EA4B-2DAC-4953-9AFD-42991B6E1C37} = {9407EA4B-2DAC-4953-9AFD-42991B6E1C37}
		{71BD9348-8C42-4BE2-AAC7-41D2AF498553} = {71BD9348-8C42-4BE2-AAC7-41D2AF498553}
		{C1D1D430-C051-4CC3-A5F1-E62788FFCBFE} = {C1D1D430-C051-4CC3-A5F1-E62788FFCBFE}
		{502EF023-5147-4F18-B75A-35F8A1D94014} = {502EF023-5147-4F18-B75A-35F8A1D94014}
		{9B15291E-6B91-4D95-AF66-AF2A1CF64E84} = {9B15291E-6B91-4D95-AF66-AF2A1CF64E84}
		{064ADF1D-E6C7-4FAF-AF06-3FFF180B4BB3} = {064ADF1D-E6C7-4FAF-AF06-3FFF180B4BB3}
		{FD37421A-5883-48EE-8AF7-342839ED5564} = {FD37421A-5883-48EE-8AF7-342839ED5564}
		{7D2EC117-BFC4-4AA5-8F17-01E67A3A9214} = {7D2EC117-BFC4-4AA5-8F17-01E67A3A9214}
		{DE396A11-85A7-4BD7-95AB-7325955F350C} = {DE396A11-85A7-4BD7-95AB-7325955F350C}
		{ED3C330D-5C59-4C10-AA0B-7EF5FB575A47} = {ED3C330D-5C59-4C10-AA0B-7EF5FB575A47}
		{07A3A407-B1FC-4E63-8F14-9EEAF205610B} = {07A3A407-B1FC-4E63-8F14-9EEAF205610B}
	EndProjectSection
EndProject
Project("{8BC9CEB8-8B4A-11D0-8D11-00A0C91BC942}") = "ca", "setup\ca\ca.vcproj", "{4AC65E06-5A7F-4E52-9623-CE18666AFF52}"
EndProject
Project("{8BC9CEB8-8B4A-11D0-8D11-00A0C91BC942}") = "mod_roster-publish", "modules\mod_roster-publish\mod_roster-publish.vcproj", "{5A4E0332-82FA-42BA-BB3A-109FFD09E637}"
	ProjectSection(ProjectDependencies) = postProject
		{98466767-1F2C-4134-A331-A05502191A29} = {98466767-1F2C-4134-A331-A05502191A29}
		{FD37421A-5883-48EE-8AF7-342839ED5564} = {FD37421A-5883-48EE-8AF7-342839ED5564}
	EndProjectSection
EndProject
Global
	GlobalSection(SolutionConfigurationPlatforms) = preSolution
		Debug|Win32 = Debug|Win32
		Release|Win32 = Release|Win32
	EndGlobalSection
	GlobalSection(ProjectConfigurationPlatforms) = postSolution
		{98466767-1F2C-4134-A331-A05502191A29}.Debug|Win32.ActiveCfg = Debug|Win32
		{98466767-1F2C-4134-A331-A05502191A29}.Debug|Win32.Build.0 = Debug|Win32
		{98466767-1F2C-4134-A331-A05502191A29}.Release|Win32.ActiveCfg = Release|Win32
		{98466767-1F2C-4134-A331-A05502191A29}.Release|Win32.Build.0 = Release|Win32
		{07A3A407-B1FC-4E63-8F14-9EEAF205610B}.Debug|Win32.ActiveCfg = Debug|Win32
		{07A3A407-B1FC-4E63-8F14-9EEAF205610B}.Debug|Win32.Build.0 = Debug|Win32
		{07A3A407-B1FC-4E63-8F14-9EEAF205610B}.Release|Win32.ActiveCfg = Release|Win32
		{07A3A407-B1FC-4E63-8F14-9EEAF205610B}.Release|Win32.Build.0 = Release|Win32
		{457A89D2-B3D8-4FD6-A2AA-E111B1956E90}.Debug|Win32.ActiveCfg = Debug|Win32
		{457A89D2-B3D8-4FD6-A2AA-E111B1956E90}.Debug|Win32.Build.0 = Debug|Win32
		{457A89D2-B3D8-4FD6-A2AA-E111B1956E90}.Release|Win32.ActiveCfg = Release|Win32
		{457A89D2-B3D8-4FD6-A2AA-E111B1956E90}.Release|Win32.Build.0 = Release|Win32
		{FD37421A-5883-48EE-8AF7-342839ED5564}.Debug|Win32.ActiveCfg = Debug|Win32
		{FD37421A-5883-48EE-8AF7-342839ED5564}.Debug|Win32.Build.0 = Debug|Win32
		{FD37421A-5883-48EE-8AF7-342839ED5564}.Release|Win32.ActiveCfg = Release|Win32
		{FD37421A-5883-48EE-8AF7-342839ED5564}.Release|Win32.Build.0 = Release|Win32
		{03878EE6-16D4-49D1-BDCB-B367FF14B876}.Debug|Win32.ActiveCfg = Debug|Win32
		{03878EE6-16D4-49D1-BDCB-B367FF14B876}.Debug|Win32.Build.0 = Debug|Win32
		{03878EE6-16D4-49D1-BDCB-B367FF14B876}.Release|Win32.ActiveCfg = Release|Win32
		{03878EE6-16D4-49D1-BDCB-B367FF14B876}.Release|Win32.Build.0 = Release|Win32
		{F2D80B75-C182-4649-A5E7-93F32A1BDC4A}.Debug|Win32.ActiveCfg = Debug|Win32
		{F2D80B75-C182-4649-A5E7-93F32A1BDC4A}.Debug|Win32.Build.0 = Debug|Win32
		{F2D80B75-C182-4649-A5E7-93F32A1BDC4A}.Release|Win32.ActiveCfg = Release|Win32
		{F2D80B75-C182-4649-A5E7-93F32A1BDC4A}.Release|Win32.Build.0 = Release|Win32
		{EB55996A-AF6E-4299-97F8-6B964E97972E}.Debug|Win32.ActiveCfg = Debug|Win32
		{EB55996A-AF6E-4299-97F8-6B964E97972E}.Debug|Win32.Build.0 = Debug|Win32
		{EB55996A-AF6E-4299-97F8-6B964E97972E}.Release|Win32.ActiveCfg = Release|Win32
		{EB55996A-AF6E-4299-97F8-6B964E97972E}.Release|Win32.Build.0 = Release|Win32
		{51BCD5BD-558B-43F3-979F-3FB0A7ECD8A2}.Debug|Win32.ActiveCfg = Debug|Win32
		{51BCD5BD-558B-43F3-979F-3FB0A7ECD8A2}.Debug|Win32.Build.0 = Debug|Win32
		{51BCD5BD-558B-43F3-979F-3FB0A7ECD8A2}.Release|Win32.ActiveCfg = Release|Win32
		{51BCD5BD-558B-43F3-979F-3FB0A7ECD8A2}.Release|Win32.Build.0 = Release|Win32
		{D15B8250-8C12-4366-AF6B-D2469E5A97FE}.Debug|Win32.ActiveCfg = Debug|Win32
		{D15B8250-8C12-4366-AF6B-D2469E5A97FE}.Debug|Win32.Build.0 = Debug|Win32
		{D15B8250-8C12-4366-AF6B-D2469E5A97FE}.Release|Win32.ActiveCfg = Release|Win32
		{D15B8250-8C12-4366-AF6B-D2469E5A97FE}.Release|Win32.Build.0 = Release|Win32
		{5BD89D57-0339-4A43-AB3D-1F42A13DFBB0}.Debug|Win32.ActiveCfg = Debug|Win32
		{5BD89D57-0339-4A43-AB3D-1F42A13DFBB0}.Debug|Win32.Build.0 = Debug|Win32
		{5BD89D57-0339-4A43-AB3D-1F42A13DFBB0}.Release|Win32.ActiveCfg = Release|Win32
		{5BD89D57-0339-4A43-AB3D-1F42A13DFBB0}.Release|Win32.Build.0 = Release|Win32
		{5322CD01-ABB4-4A83-8F78-63693DF2B636}.Debug|Win32.ActiveCfg = Debug|Win32
		{5322CD01-ABB4-4A83-8F78-63693DF2B636}.Debug|Win32.Build.0 = Debug|Win32
		{5322CD01-ABB4-4A83-8F78-63693DF2B636}.Release|Win32.ActiveCfg = Release|Win32
		{5322CD01-ABB4-4A83-8F78-63693DF2B636}.Release|Win32.Build.0 = Release|Win32
		{CFB7876F-7309-488D-8083-193F0FCC8DAE}.Debug|Win32.ActiveCfg = Debug|Win32
		{CFB7876F-7309-488D-8083-193F0FCC8DAE}.Debug|Win32.Build.0 = Debug|Win32
		{CFB7876F-7309-488D-8083-193F0FCC8DAE}.Release|Win32.ActiveCfg = Release|Win32
		{CFB7876F-7309-488D-8083-193F0FCC8DAE}.Release|Win32.Build.0 = Release|Win32
		{9407EA4B-2DAC-4953-9AFD-42991B6E1C37}.Debug|Win32.ActiveCfg = Debug|Win32
		{9407EA4B-2DAC-4953-9AFD-42991B6E1C37}.Debug|Win32.Build.0 = Debug|Win32
		{9407EA4B-2DAC-4953-9AFD-42991B6E1C37}.Release|Win32.ActiveCfg = Release|Win32
		{9407EA4B-2DAC-4953-9AFD-42991B6E1C37}.Release|Win32.Build.0 = Release|Win32
		{C19413CB-69C8-4AC4-83EA-8500C8E3CEC4}.Debug|Win32.ActiveCfg = Debug|Win32
		{C19413CB-69C8-4AC4-83EA-8500C8E3CEC4}.Debug|Win32.Build.0 = Debug|Win32
		{C19413CB-69C8-4AC4-83EA-8500C8E3CEC4}.Release|Win32.ActiveCfg = Release|Win32
		{C19413CB-69C8-4AC4-83EA-8500C8E3CEC4}.Release|Win32.Build.0 = Release|Win32
		{4CD8DE9E-DF42-41A6-8640-59677900803F}.Debug|Win32.ActiveCfg = Debug|Win32
		{4CD8DE9E-DF42-41A6-8640-59677900803F}.Debug|Win32.Build.0 = Debug|Win32
		{4CD8DE9E-DF42-41A6-8640-59677900803F}.Release|Win32.ActiveCfg = Release|Win32
		{4CD8DE9E-DF42-41A6-8640-59677900803F}.Release|Win32.Build.0 = Release|Win32
		{9B15291E-6B91-4D95-AF66-AF2A1CF64E84}.Debug|Win32.ActiveCfg = Debug|Win32
		{9B15291E-6B91-4D95-AF66-AF2A1CF64E84}.Debug|Win32.Build.0 = Debug|Win32
		{9B15291E-6B91-4D95-AF66-AF2A1CF64E84}.Release|Win32.ActiveCfg = Release|Win32
		{9B15291E-6B91-4D95-AF66-AF2A1CF64E84}.Release|Win32.Build.0 = Release|Win32
		{EC544DAB-5FDF-422F-81D2-75C5BB6B3CA2}.Debug|Win32.ActiveCfg = Debug|Win32
		{EC544DAB-5FDF-422F-81D2-75C5BB6B3CA2}.Debug|Win32.Build.0 = Debug|Win32
		{EC544DAB-5FDF-422F-81D2-75C5BB6B3CA2}.Release|Win32.ActiveCfg = Release|Win32
		{EC544DAB-5FDF-422F-81D2-75C5BB6B3CA2}.Release|Win32.Build.0 = Release|Win32
		{99FBBE98-FCD6-437E-9216-4491FD5BFD9F}.Debug|Win32.ActiveCfg = Debug|Win32
		{99FBBE98-FCD6-437E-9216-4491FD5BFD9F}.Debug|Win32.Build.0 = Debug|Win32
		{99FBBE98-FCD6-437E-9216-4491FD5BFD9F}.Release|Win32.ActiveCfg = Release|Win32
		{99FBBE98-FCD6-437E-9216-4491FD5BFD9F}.Release|Win32.Build.0 = Release|Win32
		{58FA2672-021D-487D-A7B0-0974782B35AE}.Debug|Win32.ActiveCfg = Debug|Win32
		{58FA2672-021D-487D-A7B0-0974782B35AE}.Debug|Win32.Build.0 = Debug|Win32
		{58FA2672-021D-487D-A7B0-0974782B35AE}.Release|Win32.ActiveCfg = Release|Win32
		{58FA2672-021D-487D-A7B0-0974782B35AE}.Release|Win32.Build.0 = Release|Win32
		{7D2EC117-BFC4-4AA5-8F17-01E67A3A9214}.Debug|Win32.ActiveCfg = Debug|Win32
		{7D2EC117-BFC4-4AA5-8F17-01E67A3A9214}.Debug|Win32.Build.0 = Debug|Win32
		{7D2EC117-BFC4-4AA5-8F17-01E67A3A9214}.Release|Win32.ActiveCfg = Release|Win32
		{7D2EC117-BFC4-4AA5-8F17-01E67A3A9214}.Release|Win32.Build.0 = Release|Win32
		{6DC9D2B4-A0A5-4EC3-B17A-3D2D91BBE9EA}.Debug|Win32.ActiveCfg = Debug|Win32
		{6DC9D2B4-A0A5-4EC3-B17A-3D2D91BBE9EA}.Debug|Win32.Build.0 = Debug|Win32
		{6DC9D2B4-A0A5-4EC3-B17A-3D2D91BBE9EA}.Release|Win32.ActiveCfg = Release|Win32
		{6DC9D2B4-A0A5-4EC3-B17A-3D2D91BBE9EA}.Release|Win32.Build.0 = Release|Win32
		{2F564FB2-1A89-4FD8-A94B-77DBE5B9E0C8}.Debug|Win32.ActiveCfg = Debug|Win32
		{2F564FB2-1A89-4FD8-A94B-77DBE5B9E0C8}.Debug|Win32.Build.0 = Debug|Win32
		{2F564FB2-1A89-4FD8-A94B-77DBE5B9E0C8}.Release|Win32.ActiveCfg = Release|Win32
		{2F564FB2-1A89-4FD8-A94B-77DBE5B9E0C8}.Release|Win32.Build.0 = Release|Win32
		{E65054BF-F8B4-47CE-AE8B-CF304FF06EAC}.Debug|Win32.ActiveCfg = Debug|Win32
		{E65054BF-F8B4-47CE-AE8B-CF304FF06EAC}.Debug|Win32.Build.0 = Debug|Win32
		{E65054BF-F8B4-47CE-AE8B-CF304FF06EAC}.Release|Win32.ActiveCfg = Release|Win32
		{E65054BF-F8B4-47CE-AE8B-CF304FF06EAC}.Release|Win32.Build.0 = Release|Win32
		{A83C3AB7-87E7-4758-AAD4-AEA5CE34D467}.Debug|Win32.ActiveCfg = Debug|Win32
		{A83C3AB7-87E7-4758-AAD4-AEA5CE34D467}.Debug|Win32.Build.0 = Debug|Win32
		{A83C3AB7-87E7-4758-AAD4-AEA5CE34D467}.Release|Win32.ActiveCfg = Release|Win32
		{A83C3AB7-87E7-4758-AAD4-AEA5CE34D467}.Release|Win32.Build.0 = Release|Win32
		{064ADF1D-E6C7-4FAF-AF06-3FFF180B4BB3}.Debug|Win32.ActiveCfg = Debug|Win32
		{064ADF1D-E6C7-4FAF-AF06-3FFF180B4BB3}.Debug|Win32.Build.0 = Debug|Win32
		{064ADF1D-E6C7-4FAF-AF06-3FFF180B4BB3}.Release|Win32.ActiveCfg = Release|Win32
		{064ADF1D-E6C7-4FAF-AF06-3FFF180B4BB3}.Release|Win32.Build.0 = Release|Win32
		{A3AC8D01-CD56-4B1E-9906-41A8BCC29114}.Debug|Win32.ActiveCfg = Debug|Win32
		{A3AC8D01-CD56-4B1E-9906-41A8BCC29114}.Debug|Win32.Build.0 = Debug|Win32
		{A3AC8D01-CD56-4B1E-9906-41A8BCC29114}.Release|Win32.ActiveCfg = Release|Win32
		{A3AC8D01-CD56-4B1E-9906-41A8BCC29114}.Release|Win32.Build.0 = Release|Win32
		{052E3EA4-6BFD-41FA-9C68-C48CB0CDEC17}.Debug|Win32.ActiveCfg = Debug|Win32
		{052E3EA4-6BFD-41FA-9C68-C48CB0CDEC17}.Debug|Win32.Build.0 = Debug|Win32
		{052E3EA4-6BFD-41FA-9C68-C48CB0CDEC17}.Release|Win32.ActiveCfg = Release|Win32
		{052E3EA4-6BFD-41FA-9C68-C48CB0CDEC17}.Release|Win32.Build.0 = Release|Win32
		{C1D1D430-C051-4CC3-A5F1-E62788FFCBFE}.Debug|Win32.ActiveCfg = Debug|Win32
		{C1D1D430-C051-4CC3-A5F1-E62788FFCBFE}.Debug|Win32.Build.0 = Debug|Win32
		{C1D1D430-C051-4CC3-A5F1-E62788FFCBFE}.Release|Win32.ActiveCfg = Release|Win32
		{C1D1D430-C051-4CC3-A5F1-E62788FFCBFE}.Release|Win32.Build.0 = Release|Win32
		{ED3C330D-5C59-4C10-AA0B-7EF5FB575A47}.Debug|Win32.ActiveCfg = Debug|Win32
		{ED3C330D-5C59-4C10-AA0B-7EF5FB575A47}.Debug|Win32.Build.0 = Debug|Win32
		{ED3C330D-5C59-4C10-AA0B-7EF5FB575A47}.Release|Win32.ActiveCfg = Release|Win32
		{ED3C330D-5C59-4C10-AA0B-7EF5FB575A47}.Release|Win32.Build.0 = Release|Win32
		{502EF023-5147-4F18-B75A-35F8A1D94014}.Debug|Win32.ActiveCfg = Debug|Win32
		{502EF023-5147-4F18-B75A-35F8A1D94014}.Debug|Win32.Build.0 = Debug|Win32
		{502EF023-5147-4F18-B75A-35F8A1D94014}.Release|Win32.ActiveCfg = Release|Win32
		{502EF023-5147-4F18-B75A-35F8A1D94014}.Release|Win32.Build.0 = Release|Win32
		{624AA7FC-2797-477A-B8EE-83560151AF12}.Debug|Win32.ActiveCfg = Debug|Win32
		{624AA7FC-2797-477A-B8EE-83560151AF12}.Debug|Win32.Build.0 = Debug|Win32
		{624AA7FC-2797-477A-B8EE-83560151AF12}.Release|Win32.ActiveCfg = Release|Win32
		{624AA7FC-2797-477A-B8EE-83560151AF12}.Release|Win32.Build.0 = Release|Win32
		{DBA74B58-93C6-4BE5-A6E0-2A91F176BE46}.Debug|Win32.ActiveCfg = Debug|Win32
		{DBA74B58-93C6-4BE5-A6E0-2A91F176BE46}.Debug|Win32.Build.0 = Debug|Win32
		{DBA74B58-93C6-4BE5-A6E0-2A91F176BE46}.Release|Win32.ActiveCfg = Release|Win32
		{DBA74B58-93C6-4BE5-A6E0-2A91F176BE46}.Release|Win32.Build.0 = Release|Win32
		{71BD9348-8C42-4BE2-AAC7-41D2AF498553}.Debug|Win32.ActiveCfg = Debug|Win32
		{71BD9348-8C42-4BE2-AAC7-41D2AF498553}.Debug|Win32.Build.0 = Debug|Win32
		{71BD9348-8C42-4BE2-AAC7-41D2AF498553}.Release|Win32.ActiveCfg = Release|Win32
		{71BD9348-8C42-4BE2-AAC7-41D2AF498553}.Release|Win32.Build.0 = Release|Win32
		{DE396A11-85A7-4BD7-95AB-7325955F350C}.Debug|Win32.ActiveCfg = Debug|Win32
		{DE396A11-85A7-4BD7-95AB-7325955F350C}.Debug|Win32.Build.0 = Debug|Win32
		{DE396A11-85A7-4BD7-95AB-7325955F350C}.Release|Win32.ActiveCfg = Release|Win32
		{DE396A11-85A7-4BD7-95AB-7325955F350C}.Release|Win32.Build.0 = Release|Win32
		{929E41F9-EB67-4F61-8B85-15CFBB11349B}.Debug|Win32.ActiveCfg = Debug|Win32
		{929E41F9-EB67-4F61-8B85-15CFBB11349B}.Debug|Win32.Build.0 = Debug|Win32
		{929E41F9-EB67-4F61-8B85-15CFBB11349B}.Release|Win32.ActiveCfg = Release|Win32
		{929E41F9-EB67-4F61-8B85-15CFBB11349B}.Release|Win32.Build.0 = Release|Win32
		{8504D60E-B1C4-4FE8-A5C2-3F36B1A5E2BD}.Debug|Win32.ActiveCfg = Debug|x86
		{8504D60E-B1C4-4FE8-A5C2-3F36B1A5E2BD}.Debug|Win32.Build.0 = Debug|x86
		{8504D60E-B1C4-4FE8-A5C2-3F36B1A5E2BD}.Release|Win32.ActiveCfg = Release|x86
		{8504D60E-B1C4-4FE8-A5C2-3F36B1A5E2BD}.Release|Win32.Build.0 = Release|x86
		{4AC65E06-5A7F-4E52-9623-CE18666AFF52}.Debug|Win32.ActiveCfg = Debug|Win32
		{4AC65E06-5A7F-4E52-9623-CE18666AFF52}.Debug|Win32.Build.0 = Debug|Win32
		{4AC65E06-5A7F-4E52-9623-CE18666AFF52}.Release|Win32.ActiveCfg = Release|Win32
		{4AC65E06-5A7F-4E52-9623-CE18666AFF52}.Release|Win32.Build.0 = Release|Win32
		{5A4E0332-82FA-42BA-BB3A-109FFD09E637}.Debug|Win32.ActiveCfg = Debug|Win32
		{5A4E0332-82FA-42BA-BB3A-109FFD09E637}.Debug|Win32.Build.0 = Debug|Win32
		{5A4E0332-82FA-42BA-BB3A-109FFD09E637}.Release|Win32.ActiveCfg = Release|Win32
		{5A4E0332-82FA-42BA-BB3A-109FFD09E637}.Release|Win32.Build.0 = Release|Win32
	EndGlobalSection
	GlobalSection(SolutionProperties) = preSolution
		HideSolutionNode = FALSE
	EndGlobalSection
	GlobalSection(NestedProjects) = preSolution
		{2962D7DD-D503-43EF-AA84-7CC9975B9B2D} = {748E13A9-CB00-4155-BF1F-577157A8645F}
		{3DB4EFDA-D609-4EB0-A848-CF18B2F1EDC4} = {748E13A9-CB00-4155-BF1F-577157A8645F}
		{5206401A-8DFD-44E2-B956-B12559C314F7} = {748E13A9-CB00-4155-BF1F-577157A8645F}
		{98466767-1F2C-4134-A331-A05502191A29} = {FFA1FCE5-6E7F-4147-A9F7-FCE221877A6D}
		{07A3A407-B1FC-4E63-8F14-9EEAF205610B} = {BE878F38-A049-4E47-979E-2AB6003DB0D7}
		{457A89D2-B3D8-4FD6-A2AA-E111B1956E90} = {BE878F38-A049-4E47-979E-2AB6003DB0D7}
		{FD37421A-5883-48EE-8AF7-342839ED5564} = {BE878F38-A049-4E47-979E-2AB6003DB0D7}
		{03878EE6-16D4-49D1-BDCB-B367FF14B876} = {BE878F38-A049-4E47-979E-2AB6003DB0D7}
		{F2D80B75-C182-4649-A5E7-93F32A1BDC4A} = {2962D7DD-D503-43EF-AA84-7CC9975B9B2D}
		{EB55996A-AF6E-4299-97F8-6B964E97972E} = {2962D7DD-D503-43EF-AA84-7CC9975B9B2D}
		{51BCD5BD-558B-43F3-979F-3FB0A7ECD8A2} = {2962D7DD-D503-43EF-AA84-7CC9975B9B2D}
		{D15B8250-8C12-4366-AF6B-D2469E5A97FE} = {2962D7DD-D503-43EF-AA84-7CC9975B9B2D}
		{5BD89D57-0339-4A43-AB3D-1F42A13DFBB0} = {2962D7DD-D503-43EF-AA84-7CC9975B9B2D}
		{5322CD01-ABB4-4A83-8F78-63693DF2B636} = {2962D7DD-D503-43EF-AA84-7CC9975B9B2D}
		{CFB7876F-7309-488D-8083-193F0FCC8DAE} = {2962D7DD-D503-43EF-AA84-7CC9975B9B2D}
		{9407EA4B-2DAC-4953-9AFD-42991B6E1C37} = {2962D7DD-D503-43EF-AA84-7CC9975B9B2D}
		{C19413CB-69C8-4AC4-83EA-8500C8E3CEC4} = {2962D7DD-D503-43EF-AA84-7CC9975B9B2D}
		{4CD8DE9E-DF42-41A6-8640-59677900803F} = {2962D7DD-D503-43EF-AA84-7CC9975B9B2D}
		{9B15291E-6B91-4D95-AF66-AF2A1CF64E84} = {2962D7DD-D503-43EF-AA84-7CC9975B9B2D}
		{EC544DAB-5FDF-422F-81D2-75C5BB6B3CA2} = {2962D7DD-D503-43EF-AA84-7CC9975B9B2D}
		{99FBBE98-FCD6-437E-9216-4491FD5BFD9F} = {2962D7DD-D503-43EF-AA84-7CC9975B9B2D}
		{58FA2672-021D-487D-A7B0-0974782B35AE} = {2962D7DD-D503-43EF-AA84-7CC9975B9B2D}
		{7D2EC117-BFC4-4AA5-8F17-01E67A3A9214} = {2962D7DD-D503-43EF-AA84-7CC9975B9B2D}
		{6DC9D2B4-A0A5-4EC3-B17A-3D2D91BBE9EA} = {2962D7DD-D503-43EF-AA84-7CC9975B9B2D}
		{2F564FB2-1A89-4FD8-A94B-77DBE5B9E0C8} = {2962D7DD-D503-43EF-AA84-7CC9975B9B2D}
		{E65054BF-F8B4-47CE-AE8B-CF304FF06EAC} = {2962D7DD-D503-43EF-AA84-7CC9975B9B2D}
		{A83C3AB7-87E7-4758-AAD4-AEA5CE34D467} = {2962D7DD-D503-43EF-AA84-7CC9975B9B2D}
		{064ADF1D-E6C7-4FAF-AF06-3FFF180B4BB3} = {2962D7DD-D503-43EF-AA84-7CC9975B9B2D}
		{A3AC8D01-CD56-4B1E-9906-41A8BCC29114} = {2962D7DD-D503-43EF-AA84-7CC9975B9B2D}
		{052E3EA4-6BFD-41FA-9C68-C48CB0CDEC17} = {2962D7DD-D503-43EF-AA84-7CC9975B9B2D}
		{C1D1D430-C051-4CC3-A5F1-E62788FFCBFE} = {2962D7DD-D503-43EF-AA84-7CC9975B9B2D}
		{5A4E0332-82FA-42BA-BB3A-109FFD09E637} = {2962D7DD-D503-43EF-AA84-7CC9975B9B2D}
		{ED3C330D-5C59-4C10-AA0B-7EF5FB575A47} = {3DB4EFDA-D609-4EB0-A848-CF18B2F1EDC4}
		{502EF023-5147-4F18-B75A-35F8A1D94014} = {3DB4EFDA-D609-4EB0-A848-CF18B2F1EDC4}
		{624AA7FC-2797-477A-B8EE-83560151AF12} = {3DB4EFDA-D609-4EB0-A848-CF18B2F1EDC4}
		{DBA74B58-93C6-4BE5-A6E0-2A91F176BE46} = {3DB4EFDA-D609-4EB0-A848-CF18B2F1EDC4}
		{71BD9348-8C42-4BE2-AAC7-41D2AF498553} = {3DB4EFDA-D609-4EB0-A848-CF18B2F1EDC4}
		{DE396A11-85A7-4BD7-95AB-7325955F350C} = {5206401A-8DFD-44E2-B956-B12559C314F7}
		{929E41F9-EB67-4F61-8B85-15CFBB11349B} = {5206401A-8DFD-44E2-B956-B12559C314F7}
		{8504D60E-B1C4-4FE8-A5C2-3F36B1A5E2BD} = {19C6C799-93B4-4E76-82E8-138843083850}
		{4AC65E06-5A7F-4E52-9623-CE18666AFF52} = {19C6C799-93B4-4E76-82E8-138843083850}
	EndGlobalSection
EndGlobal
